
Microsoft Visual Studio Solution File, Format Version 12.00
# Visual Studio Version 17
VisualStudioVersion = 17.14.36310.24 d17.14
MinimumVisualStudioVersion = 10.0.40219.1
Project("{FC65038C-1B2F-41E1-A629-BED71D161FFF}") = "FinanceOperations2 (ISV) [AvanadeElectronicDataInterchange]", "FinanceOperations2\FinanceOperations2.rnrproj", "{826D31A8-2393-494E-B48A-F2CFF5DFCD51}"
EndProject
Global
	GlobalSection(SolutionConfigurationPlatforms) = preSolution
		Debug|Any CPU = Debug|Any CPU
	EndGlobalSection
	GlobalSection(ProjectConfigurationPlatforms) = postSolution
		{826D31A8-2393-494E-B48A-F2CFF5DFCD51}.Debug|Any CPU.ActiveCfg = Debug|Any CPU
		{826D31A8-2393-494E-B48A-F2CFF5DFCD51}.Debug|Any CPU.Build.0 = Debug|Any CPU
	EndGlobalSection
	GlobalSection(SolutionProperties) = preSolution
		HideSolutionNode = FALSE
	EndGlobalSection
	GlobalSection(ExtensibilityGlobals) = postSolution
		SolutionGuid = {214F910F-9ED9-4819-8C8E-E5C1DB923816}
	EndGlobalSection
EndGlobal
