
Microsoft Visual Studio Solution File, Format Version 12.00
# Visual Studio Version 17
VisualStudioVersion = 17.14.36310.24 d17.14
MinimumVisualStudioVersion = 10.0.40219.1
Project("{FC65038C-1B2F-41E1-A629-BED71D161FFF}") = "AVARUMDSDFeeReport (CUS) [AVARubinMühle]", "AVARUMDSDFeeReport.rnrproj", "{F9BA47FB-913C-484E-9851-F6C50BB0B64B}"
EndProject
Global
	GlobalSection(SolutionConfigurationPlatforms) = preSolution
		Debug|Any CPU = Debug|Any CPU
	EndGlobalSection
	GlobalSection(ProjectConfigurationPlatforms) = postSolution
		{F9BA47FB-913C-484E-9851-F6C50BB0B64B}.Debug|Any CPU.ActiveCfg = Debug|Any CPU
		{F9BA47FB-913C-484E-9851-F6C50BB0B64B}.Debug|Any CPU.Build.0 = Debug|Any CPU
	EndGlobalSection
	GlobalSection(SolutionProperties) = preSolution
		HideSolutionNode = FALSE
	EndGlobalSection
	GlobalSection(ExtensibilityGlobals) = postSolution
		SolutionGuid = {E95B4EE5-1F16-4098-81A6-91B31C7B56F4}
	EndGlobalSection
EndGlobal
