
Microsoft Visual Studio Solution File, Format Version 12.00
# Visual Studio Version 17
VisualStudioVersion = 17.14.36310.24 d17.14
MinimumVisualStudioVersion = 10.0.40219.1
Project("{FC65038C-1B2F-41E1-A629-BED71D161FFF}") = "AVAWHSLocDirAction (ISV) [Fleet Management]", "AVAWHSLocDirAction.rnrproj", "{D44D4571-B34E-4E34-BC21-546976C89153}"
EndProject
Global
	GlobalSection(SolutionConfigurationPlatforms) = preSolution
		Debug|Any CPU = Debug|Any CPU
	EndGlobalSection
	GlobalSection(ProjectConfigurationPlatforms) = postSolution
		{D44D4571-B34E-4E34-BC21-546976C89153}.Debug|Any CPU.ActiveCfg = Debug|Any CPU
		{D44D4571-B34E-4E34-BC21-546976C89153}.Debug|Any CPU.Build.0 = Debug|Any CPU
	EndGlobalSection
	GlobalSection(SolutionProperties) = preSolution
		HideSolutionNode = FALSE
	EndGlobalSection
	GlobalSection(ExtensibilityGlobals) = postSolution
		SolutionGuid = {713AEE8F-F153-4B50-95E4-F0FDE7A869E1}
	EndGlobalSection
EndGlobal
