
Microsoft Visual Studio Solution File, Format Version 12.00
# Visual Studio Version 17
VisualStudioVersion = 17.14.36310.24 d17.14
MinimumVisualStudioVersion = 10.0.40219.1
Project("{FC65038C-1B2F-41E1-A629-BED71D161FFF}") = "AVACashInvoiceReport (ISV) [Fleet Management]", "AVACashInvoiceReport\AVACashInvoiceReport.rnrproj", "{36C01B55-FD08-4B36-8486-179D8862CF52}"
EndProject
Global
	GlobalSection(SolutionConfigurationPlatforms) = preSolution
		Debug|Any CPU = Debug|Any CPU
	EndGlobalSection
	GlobalSection(ProjectConfigurationPlatforms) = postSolution
		{36C01B55-FD08-4B36-8486-179D8862CF52}.Debug|Any CPU.ActiveCfg = Debug|Any CPU
		{36C01B55-FD08-4B36-8486-179D8862CF52}.Debug|Any CPU.Build.0 = Debug|Any CPU
	EndGlobalSection
	GlobalSection(SolutionProperties) = preSolution
		HideSolutionNode = FALSE
	EndGlobalSection
	GlobalSection(ExtensibilityGlobals) = postSolution
		SolutionGuid = {263B1B32-2761-4595-A05C-621DA0DDA0CE}
	EndGlobalSection
EndGlobal
