
Microsoft Visual Studio Solution File, Format Version 12.00
# Visual Studio Version 17
VisualStudioVersion = 17.14.36310.24 d17.14
MinimumVisualStudioVersion = 10.0.40219.1
Project("{FC65038C-1B2F-41E1-A629-BED71D161FFF}") = "AVADAICleanUpJobGPT (ISV) [Fleet Management]", "AVADAICleanUpJobGPT\AVADAICleanUpJobGPT.rnrproj", "{CF5796BC-FE58-4270-8B1B-B6CD188A5981}"
EndProject
Global
	GlobalSection(SolutionConfigurationPlatforms) = preSolution
		Debug|Any CPU = Debug|Any CPU
	EndGlobalSection
	GlobalSection(ProjectConfigurationPlatforms) = postSolution
		{CF5796BC-FE58-4270-8B1B-B6CD188A5981}.Debug|Any CPU.ActiveCfg = Debug|Any CPU
		{CF5796BC-FE58-4270-8B1B-B6CD188A5981}.Debug|Any CPU.Build.0 = Debug|Any CPU
	EndGlobalSection
	GlobalSection(SolutionProperties) = preSolution
		HideSolutionNode = FALSE
	EndGlobalSection
	GlobalSection(ExtensibilityGlobals) = postSolution
		SolutionGuid = {82606122-8705-46CF-A17D-17368B00C7C5}
	EndGlobalSection
EndGlobal
