
Microsoft Visual Studio Solution File, Format Version 12.00
# Visual Studio Version 17
VisualStudioVersion = 17.14.36310.24 d17.14
MinimumVisualStudioVersion = 10.0.40219.1
Project("{FC65038C-1B2F-41E1-A629-BED71D161FFF}") = "AVALearningDay1501 (ISV) [Fleet Management]", "AVALearningDay1501\AVALearningDay1501.rnrproj", "{2D3BFF55-D8DB-4369-A4C5-956E1C25C9AF}"
EndProject
Global
	GlobalSection(SolutionConfigurationPlatforms) = preSolution
		Debug|Any CPU = Debug|Any CPU
	EndGlobalSection
	GlobalSection(ProjectConfigurationPlatforms) = postSolution
		{2D3BFF55-D8DB-4369-A4C5-956E1C25C9AF}.Debug|Any CPU.ActiveCfg = Debug|Any CPU
		{2D3BFF55-D8DB-4369-A4C5-956E1C25C9AF}.Debug|Any CPU.Build.0 = Debug|Any CPU
	EndGlobalSection
	GlobalSection(SolutionProperties) = preSolution
		HideSolutionNode = FALSE
	EndGlobalSection
	GlobalSection(ExtensibilityGlobals) = postSolution
		SolutionGuid = {6F18C69D-DE5C-4054-B45A-59984ECA2C80}
	EndGlobalSection
EndGlobal
