
Microsoft Visual Studio Solution File, Format Version 12.00
# Visual Studio Version 17
VisualStudioVersion = 17.14.36310.24 d17.14
MinimumVisualStudioVersion = 10.0.40219.1
Project("{FC65038C-1B2F-41E1-A629-BED71D161FFF}") = "AVAERMemoryTable (ISV) [Fleet Management]", "AVAERMemoryTable\AVAERMemoryTable.rnrproj", "{CBD6972E-A739-49BA-BC72-28F8852EBCA1}"
EndProject
Global
	GlobalSection(SolutionConfigurationPlatforms) = preSolution
		Debug|Any CPU = Debug|Any CPU
	EndGlobalSection
	GlobalSection(ProjectConfigurationPlatforms) = postSolution
		{CBD6972E-A739-49BA-BC72-28F8852EBCA1}.Debug|Any CPU.ActiveCfg = Debug|Any CPU
		{CBD6972E-A739-49BA-BC72-28F8852EBCA1}.Debug|Any CPU.Build.0 = Debug|Any CPU
	EndGlobalSection
	GlobalSection(SolutionProperties) = preSolution
		HideSolutionNode = FALSE
	EndGlobalSection
	GlobalSection(ExtensibilityGlobals) = postSolution
		SolutionGuid = {EF372E1E-4FB5-470F-B217-463D857CCC5A}
	EndGlobalSection
EndGlobal
