
Microsoft Visual Studio Solution File, Format Version 12.00
# Visual Studio Version 17
VisualStudioVersion = 17.14.36310.24
MinimumVisualStudioVersion = 10.0.40219.1
Project("{FC65038C-1B2F-41E1-A629-BED71D161FFF}") = "AVASSRSReport (USR) [AVAExtension]", "AVASSRSReport\AVASSRSReport.rnrproj", "{DD92D19F-153B-45EE-AD46-E17AFD9AC6D1}"
EndProject
Global
	GlobalSection(SolutionConfigurationPlatforms) = preSolution
		Debug|Any CPU = Debug|Any CPU
	EndGlobalSection
	GlobalSection(ProjectConfigurationPlatforms) = postSolution
		{DD92D19F-153B-45EE-AD46-E17AFD9AC6D1}.Debug|Any CPU.ActiveCfg = Debug|Any CPU
		{DD92D19F-153B-45EE-AD46-E17AFD9AC6D1}.Debug|Any CPU.Build.0 = Debug|Any CPU
	EndGlobalSection
	GlobalSection(SolutionProperties) = preSolution
		HideSolutionNode = FALSE
	EndGlobalSection
	GlobalSection(ExtensibilityGlobals) = postSolution
		SolutionGuid = {9C530789-5EA2-4C25-ABB6-9D40DBC1C725}
	EndGlobalSection
	GlobalSection(CRMSolutionProperties) = preSolution
		SolutionIsBoundToCRM = True
	EndGlobalSection
EndGlobal
